{
  "nodes": {
    "eventemitter-master": {
      "inputs": {
        "flakeNimbleLib": [
          "flakeNimbleLib"
        ],
        "nixpkgs": [
          "nixpkgs"
        ],
        "src-eventemitter-master": "src-eventemitter-master"
      },
      "locked": {
        "dir": "master",
        "lastModified": 1667322262,
        "narHash": "sha256-BV9jhzIoAEBejjWMywB+4PQ+w7p7jpfzmukPwaDGbyY=",
        "owner": "nim-nix-pkgs",
        "repo": "eventemitter",
        "rev": "3b3a047411d09336d5b11ef2743bdef0fb3ba753",
        "type": "github"
      },
      "original": {
        "dir": "master",
        "owner": "nim-nix-pkgs",
        "ref": "master",
        "repo": "eventemitter",
        "type": "github"
      }
    },
    "flakeNimbleLib": {
      "inputs": {
        "nixpkgs": [
          "nixpkgs"
        ]
      },
      "locked": {
        "lastModified": 1662018438,
        "narHash": "sha256-QtNtU6+LX3Wokxf0zlFwKTFOcn6TeDjKQZ+DA9OYtvM=",
        "owner": "riinr",
        "repo": "nim-flakes-lib",
        "rev": "b1fe8340736e3a85d25c709ac3dfd82a55c03cbf",
        "type": "github"
      },
      "original": {
        "owner": "riinr",
        "ref": "master",
        "repo": "nim-flakes-lib",
        "type": "github"
      }
    },
    "nixpkgs": {
      "locked": {
        "lastModified": 1667199707,
        "narHash": "sha256-I2Js3Y7gUyVSEXPULHlBoRek4Lh85vnevdS6mdvDNLI=",
        "owner": "NixOS",
        "repo": "nixpkgs",
        "rev": "ced197be72099edcfa68ebed8b87af7b04851f45",
        "type": "github"
      },
      "original": {
        "id": "nixpkgs",
        "type": "indirect"
      }
    },
    "root": {
      "inputs": {
        "eventemitter-master": "eventemitter-master",
        "flakeNimbleLib": "flakeNimbleLib",
        "nixpkgs": "nixpkgs"
      }
    },
    "src-eventemitter-master": {
      "flake": false,
      "locked": {
        "lastModified": 1589929205,
        "narHash": "sha256-u91F4rqDlefbcw8+F+/0o6Nssy/VhTpaVbe2pdZjhag=",
        "owner": "al-bimani",
        "repo": "eventemitter",
        "rev": "49cfa2f3135139c3488b68fdd061cc069d31d651",
        "type": "github"
      },
      "original": {
        "owner": "al-bimani",
        "ref": "refs/heads/master",
        "repo": "eventemitter",
        "type": "github"
      }
    }
  },
  "root": "root",
  "version": 7
}
